
Microsoft Visual Studio Solution File, Format Version 12.00
# Visual Studio 15
VisualStudioVersion = 15.0.26124.0
MinimumVisualStudioVersion = 15.0.26124.0
Project("{FAE04EC0-301F-11D3-BF4B-00C04F79EFBC}") = "ProAgil.WebAPI", "ProAgil.WebAPI\ProAgil.WebAPI.csproj", "{702CB221-72ED-4D8C-9E22-8243AD57EF4F}"
EndProject
Project("{FAE04EC0-301F-11D3-BF4B-00C04F79EFBC}") = "ProAgil.Domain", "ProAgil.Domain\ProAgil.Domain.csproj", "{3D2F58DB-3AFB-4F1D-90F0-502616D89BDE}"
EndProject
Project("{FAE04EC0-301F-11D3-BF4B-00C04F79EFBC}") = "ProAgil.Repository", "ProAgil.Repository\ProAgil.Repository.csproj", "{30F3A8E2-A935-4D30-88B0-F8C490365C8C}"
EndProject
Global
	GlobalSection(SolutionConfigurationPlatforms) = preSolution
		Debug|Any CPU = Debug|Any CPU
		Debug|x64 = Debug|x64
		Debug|x86 = Debug|x86
		Release|Any CPU = Release|Any CPU
		Release|x64 = Release|x64
		Release|x86 = Release|x86
	EndGlobalSection
	GlobalSection(SolutionProperties) = preSolution
		HideSolutionNode = FALSE
	EndGlobalSection
	GlobalSection(ProjectConfigurationPlatforms) = postSolution
		{702CB221-72ED-4D8C-9E22-8243AD57EF4F}.Debug|Any CPU.ActiveCfg = Debug|Any CPU
		{702CB221-72ED-4D8C-9E22-8243AD57EF4F}.Debug|Any CPU.Build.0 = Debug|Any CPU
		{702CB221-72ED-4D8C-9E22-8243AD57EF4F}.Debug|x64.ActiveCfg = Debug|Any CPU
		{702CB221-72ED-4D8C-9E22-8243AD57EF4F}.Debug|x64.Build.0 = Debug|Any CPU
		{702CB221-72ED-4D8C-9E22-8243AD57EF4F}.Debug|x86.ActiveCfg = Debug|Any CPU
		{702CB221-72ED-4D8C-9E22-8243AD57EF4F}.Debug|x86.Build.0 = Debug|Any CPU
		{702CB221-72ED-4D8C-9E22-8243AD57EF4F}.Release|Any CPU.ActiveCfg = Release|Any CPU
		{702CB221-72ED-4D8C-9E22-8243AD57EF4F}.Release|Any CPU.Build.0 = Release|Any CPU
		{702CB221-72ED-4D8C-9E22-8243AD57EF4F}.Release|x64.ActiveCfg = Release|Any CPU
		{702CB221-72ED-4D8C-9E22-8243AD57EF4F}.Release|x64.Build.0 = Release|Any CPU
		{702CB221-72ED-4D8C-9E22-8243AD57EF4F}.Release|x86.ActiveCfg = Release|Any CPU
		{702CB221-72ED-4D8C-9E22-8243AD57EF4F}.Release|x86.Build.0 = Release|Any CPU
		{3D2F58DB-3AFB-4F1D-90F0-502616D89BDE}.Debug|Any CPU.ActiveCfg = Debug|Any CPU
		{3D2F58DB-3AFB-4F1D-90F0-502616D89BDE}.Debug|Any CPU.Build.0 = Debug|Any CPU
		{3D2F58DB-3AFB-4F1D-90F0-502616D89BDE}.Debug|x64.ActiveCfg = Debug|Any CPU
		{3D2F58DB-3AFB-4F1D-90F0-502616D89BDE}.Debug|x64.Build.0 = Debug|Any CPU
		{3D2F58DB-3AFB-4F1D-90F0-502616D89BDE}.Debug|x86.ActiveCfg = Debug|Any CPU
		{3D2F58DB-3AFB-4F1D-90F0-502616D89BDE}.Debug|x86.Build.0 = Debug|Any CPU
		{3D2F58DB-3AFB-4F1D-90F0-502616D89BDE}.Release|Any CPU.ActiveCfg = Release|Any CPU
		{3D2F58DB-3AFB-4F1D-90F0-502616D89BDE}.Release|Any CPU.Build.0 = Release|Any CPU
		{3D2F58DB-3AFB-4F1D-90F0-502616D89BDE}.Release|x64.ActiveCfg = Release|Any CPU
		{3D2F58DB-3AFB-4F1D-90F0-502616D89BDE}.Release|x64.Build.0 = Release|Any CPU
		{3D2F58DB-3AFB-4F1D-90F0-502616D89BDE}.Release|x86.ActiveCfg = Release|Any CPU
		{3D2F58DB-3AFB-4F1D-90F0-502616D89BDE}.Release|x86.Build.0 = Release|Any CPU
		{30F3A8E2-A935-4D30-88B0-F8C490365C8C}.Debug|Any CPU.ActiveCfg = Debug|Any CPU
		{30F3A8E2-A935-4D30-88B0-F8C490365C8C}.Debug|Any CPU.Build.0 = Debug|Any CPU
		{30F3A8E2-A935-4D30-88B0-F8C490365C8C}.Debug|x64.ActiveCfg = Debug|Any CPU
		{30F3A8E2-A935-4D30-88B0-F8C490365C8C}.Debug|x64.Build.0 = Debug|Any CPU
		{30F3A8E2-A935-4D30-88B0-F8C490365C8C}.Debug|x86.ActiveCfg = Debug|Any CPU
		{30F3A8E2-A935-4D30-88B0-F8C490365C8C}.Debug|x86.Build.0 = Debug|Any CPU
		{30F3A8E2-A935-4D30-88B0-F8C490365C8C}.Release|Any CPU.ActiveCfg = Release|Any CPU
		{30F3A8E2-A935-4D30-88B0-F8C490365C8C}.Release|Any CPU.Build.0 = Release|Any CPU
		{30F3A8E2-A935-4D30-88B0-F8C490365C8C}.Release|x64.ActiveCfg = Release|Any CPU
		{30F3A8E2-A935-4D30-88B0-F8C490365C8C}.Release|x64.Build.0 = Release|Any CPU
		{30F3A8E2-A935-4D30-88B0-F8C490365C8C}.Release|x86.ActiveCfg = Release|Any CPU
		{30F3A8E2-A935-4D30-88B0-F8C490365C8C}.Release|x86.Build.0 = Release|Any CPU
	EndGlobalSection
EndGlobal
